
Microsoft Visual Studio Solution File, Format Version 12.00
# Visual Studio Version 16
VisualStudioVersion = 16.0.28917.182
MinimumVisualStudioVersion = 10.0.40219.1
Project("{FAE04EC0-301F-11D3-BF4B-00C04F79EFBC}") = "Console_AccessModifiers", "Console_AccessModifiers\Console_AccessModifiers.csproj", "{D42663EA-A2D5-4B1C-BC3D-DBE99C1F3E04}"
EndProject
Project("{FAE04EC0-301F-11D3-BF4B-00C04F79EFBC}") = "Console_AccessModifiers2", "Console_AccessModifiers2\Console_AccessModifiers2.csproj", "{932A10F6-A8C0-429A-84B2-471605F9A841}"
EndProject
Global
	GlobalSection(SolutionConfigurationPlatforms) = preSolution
		Debug|Any CPU = Debug|Any CPU
		Release|Any CPU = Release|Any CPU
	EndGlobalSection
	GlobalSection(ProjectConfigurationPlatforms) = postSolution
		{D42663EA-A2D5-4B1C-BC3D-DBE99C1F3E04}.Debug|Any CPU.ActiveCfg = Debug|Any CPU
		{D42663EA-A2D5-4B1C-BC3D-DBE99C1F3E04}.Debug|Any CPU.Build.0 = Debug|Any CPU
		{D42663EA-A2D5-4B1C-BC3D-DBE99C1F3E04}.Release|Any CPU.ActiveCfg = Release|Any CPU
		{D42663EA-A2D5-4B1C-BC3D-DBE99C1F3E04}.Release|Any CPU.Build.0 = Release|Any CPU
		{932A10F6-A8C0-429A-84B2-471605F9A841}.Debug|Any CPU.ActiveCfg = Debug|Any CPU
		{932A10F6-A8C0-429A-84B2-471605F9A841}.Debug|Any CPU.Build.0 = Debug|Any CPU
		{932A10F6-A8C0-429A-84B2-471605F9A841}.Release|Any CPU.ActiveCfg = Release|Any CPU
		{932A10F6-A8C0-429A-84B2-471605F9A841}.Release|Any CPU.Build.0 = Release|Any CPU
	EndGlobalSection
	GlobalSection(SolutionProperties) = preSolution
		HideSolutionNode = FALSE
	EndGlobalSection
	GlobalSection(ExtensibilityGlobals) = postSolution
		SolutionGuid = {5A33CA82-FD74-446E-9E0E-65139314F0CE}
	EndGlobalSection
EndGlobal
